
Microsoft Visual Studio Solution File, Format Version 12.00
# Visual Studio Version 17
VisualStudioVersion = 17.6.33801.468
MinimumVisualStudioVersion = 10.0.40219.1
Project("{FAE04EC0-301F-11D3-BF4B-00C04F79EFBC}") = "NZWalksAPI", "NZWalksAPI\NZWalksAPI.csproj", "{C3229FD2-85FE-409D-A424-1C6F37284705}"
EndProject
Global
	GlobalSection(SolutionConfigurationPlatforms) = preSolution
		Debug|Any CPU = Debug|Any CPU
		Release|Any CPU = Release|Any CPU
	EndGlobalSection
	GlobalSection(ProjectConfigurationPlatforms) = postSolution
		{C3229FD2-85FE-409D-A424-1C6F37284705}.Debug|Any CPU.ActiveCfg = Debug|Any CPU
		{C3229FD2-85FE-409D-A424-1C6F37284705}.Debug|Any CPU.Build.0 = Debug|Any CPU
		{C3229FD2-85FE-409D-A424-1C6F37284705}.Release|Any CPU.ActiveCfg = Release|Any CPU
		{C3229FD2-85FE-409D-A424-1C6F37284705}.Release|Any CPU.Build.0 = Release|Any CPU
	EndGlobalSection
	GlobalSection(SolutionProperties) = preSolution
		HideSolutionNode = FALSE
	EndGlobalSection
	GlobalSection(ExtensibilityGlobals) = postSolution
		SolutionGuid = {9D5D8F42-6AAB-4506-990E-518EB83E0F9E}
	EndGlobalSection
EndGlobal
